
Microsoft Visual Studio Solution File, Format Version 12.00
# Visual Studio Version 17
VisualStudioVersion = 17.11.35219.272
MinimumVisualStudioVersion = 10.0.40219.1
Project("{FAE04EC0-301F-11D3-BF4B-00C04F79EFBC}") = "mvcvalid", "mvcvalid\mvcvalid.csproj", "{0969FB30-8461-4B4B-A630-8318FCA72D82}"
EndProject
Global
	GlobalSection(SolutionConfigurationPlatforms) = preSolution
		Debug|Any CPU = Debug|Any CPU
		Release|Any CPU = Release|Any CPU
	EndGlobalSection
	GlobalSection(ProjectConfigurationPlatforms) = postSolution
		{0969FB30-8461-4B4B-A630-8318FCA72D82}.Debug|Any CPU.ActiveCfg = Debug|Any CPU
		{0969FB30-8461-4B4B-A630-8318FCA72D82}.Debug|Any CPU.Build.0 = Debug|Any CPU
		{0969FB30-8461-4B4B-A630-8318FCA72D82}.Release|Any CPU.ActiveCfg = Release|Any CPU
		{0969FB30-8461-4B4B-A630-8318FCA72D82}.Release|Any CPU.Build.0 = Release|Any CPU
	EndGlobalSection
	GlobalSection(SolutionProperties) = preSolution
		HideSolutionNode = FALSE
	EndGlobalSection
	GlobalSection(ExtensibilityGlobals) = postSolution
		SolutionGuid = {19EC4217-778A-42D8-A0FE-0E4125195B44}
	EndGlobalSection
EndGlobal
