
Microsoft Visual Studio Solution File, Format Version 12.00
# Visual Studio Version 17
VisualStudioVersion = 17.10.34916.146
MinimumVisualStudioVersion = 10.0.40219.1
Project("{FAE04EC0-301F-11D3-BF4B-00C04F79EFBC}") = "WebApplication10", "WebApplication10\WebApplication10.csproj", "{15B82E9C-0157-405C-A496-D47C815C8E2B}"
EndProject
Global
	GlobalSection(SolutionConfigurationPlatforms) = preSolution
		Debug|Any CPU = Debug|Any CPU
		Release|Any CPU = Release|Any CPU
	EndGlobalSection
	GlobalSection(ProjectConfigurationPlatforms) = postSolution
		{15B82E9C-0157-405C-A496-D47C815C8E2B}.Debug|Any CPU.ActiveCfg = Debug|Any CPU
		{15B82E9C-0157-405C-A496-D47C815C8E2B}.Debug|Any CPU.Build.0 = Debug|Any CPU
		{15B82E9C-0157-405C-A496-D47C815C8E2B}.Release|Any CPU.ActiveCfg = Release|Any CPU
		{15B82E9C-0157-405C-A496-D47C815C8E2B}.Release|Any CPU.Build.0 = Release|Any CPU
	EndGlobalSection
	GlobalSection(SolutionProperties) = preSolution
		HideSolutionNode = FALSE
	EndGlobalSection
	GlobalSection(ExtensibilityGlobals) = postSolution
		SolutionGuid = {F1CCC790-4CBA-4B16-804B-D736A77E4848}
	EndGlobalSection
EndGlobal
