
Microsoft Visual Studio Solution File, Format Version 12.00
# Visual Studio Version 17
VisualStudioVersion = 17.11.35219.272
MinimumVisualStudioVersion = 10.0.40219.1
Project("{FAE04EC0-301F-11D3-BF4B-00C04F79EFBC}") = "Practicesection", "Practicesection\Practicesection.csproj", "{623D7FB7-D103-4736-89D6-17DD94584B38}"
EndProject
Global
	GlobalSection(SolutionConfigurationPlatforms) = preSolution
		Debug|Any CPU = Debug|Any CPU
		Release|Any CPU = Release|Any CPU
	EndGlobalSection
	GlobalSection(ProjectConfigurationPlatforms) = postSolution
		{623D7FB7-D103-4736-89D6-17DD94584B38}.Debug|Any CPU.ActiveCfg = Debug|Any CPU
		{623D7FB7-D103-4736-89D6-17DD94584B38}.Debug|Any CPU.Build.0 = Debug|Any CPU
		{623D7FB7-D103-4736-89D6-17DD94584B38}.Release|Any CPU.ActiveCfg = Release|Any CPU
		{623D7FB7-D103-4736-89D6-17DD94584B38}.Release|Any CPU.Build.0 = Release|Any CPU
	EndGlobalSection
	GlobalSection(SolutionProperties) = preSolution
		HideSolutionNode = FALSE
	EndGlobalSection
	GlobalSection(ExtensibilityGlobals) = postSolution
		SolutionGuid = {8FEB51D8-8473-40A5-8229-87C9DA41C024}
	EndGlobalSection
EndGlobal
