
Microsoft Visual Studio Solution File, Format Version 12.00
# Visual Studio Version 17
VisualStudioVersion = 17.11.35219.272
MinimumVisualStudioVersion = 10.0.40219.1
Project("{FAE04EC0-301F-11D3-BF4B-00C04F79EFBC}") = "ViewToController", "ViewToController\ViewToController.csproj", "{3A83BAEB-2301-40D9-9F56-68AA30F1D2EF}"
EndProject
Global
	GlobalSection(SolutionConfigurationPlatforms) = preSolution
		Debug|Any CPU = Debug|Any CPU
		Release|Any CPU = Release|Any CPU
	EndGlobalSection
	GlobalSection(ProjectConfigurationPlatforms) = postSolution
		{3A83BAEB-2301-40D9-9F56-68AA30F1D2EF}.Debug|Any CPU.ActiveCfg = Debug|Any CPU
		{3A83BAEB-2301-40D9-9F56-68AA30F1D2EF}.Debug|Any CPU.Build.0 = Debug|Any CPU
		{3A83BAEB-2301-40D9-9F56-68AA30F1D2EF}.Release|Any CPU.ActiveCfg = Release|Any CPU
		{3A83BAEB-2301-40D9-9F56-68AA30F1D2EF}.Release|Any CPU.Build.0 = Release|Any CPU
	EndGlobalSection
	GlobalSection(SolutionProperties) = preSolution
		HideSolutionNode = FALSE
	EndGlobalSection
	GlobalSection(ExtensibilityGlobals) = postSolution
		SolutionGuid = {47B53740-FFC4-4B37-87C5-01318BEC8C9C}
	EndGlobalSection
EndGlobal
