
Microsoft Visual Studio Solution File, Format Version 12.00
# Visual Studio Version 17
VisualStudioVersion = 17.11.35219.272
MinimumVisualStudioVersion = 10.0.40219.1
Project("{FAE04EC0-301F-11D3-BF4B-00C04F79EFBC}") = "securitydemo", "securitydemo\securitydemo.csproj", "{AC960398-43A5-4D6B-9374-B231F20D951A}"
EndProject
Global
	GlobalSection(SolutionConfigurationPlatforms) = preSolution
		Debug|Any CPU = Debug|Any CPU
		Release|Any CPU = Release|Any CPU
	EndGlobalSection
	GlobalSection(ProjectConfigurationPlatforms) = postSolution
		{AC960398-43A5-4D6B-9374-B231F20D951A}.Debug|Any CPU.ActiveCfg = Debug|Any CPU
		{AC960398-43A5-4D6B-9374-B231F20D951A}.Debug|Any CPU.Build.0 = Debug|Any CPU
		{AC960398-43A5-4D6B-9374-B231F20D951A}.Release|Any CPU.ActiveCfg = Release|Any CPU
		{AC960398-43A5-4D6B-9374-B231F20D951A}.Release|Any CPU.Build.0 = Release|Any CPU
	EndGlobalSection
	GlobalSection(SolutionProperties) = preSolution
		HideSolutionNode = FALSE
	EndGlobalSection
	GlobalSection(ExtensibilityGlobals) = postSolution
		SolutionGuid = {E4D11145-F56D-49FB-BA77-232BFA9EC90B}
	EndGlobalSection
EndGlobal
