
Microsoft Visual Studio Solution File, Format Version 12.00
# Visual Studio Version 17
VisualStudioVersion = 17.11.35219.272
MinimumVisualStudioVersion = 10.0.40219.1
Project("{FAE04EC0-301F-11D3-BF4B-00C04F79EFBC}") = "Signup", "Signup\Signup.csproj", "{FFE182D9-0B67-4505-8D07-FA1E76DE36D4}"
EndProject
Global
	GlobalSection(SolutionConfigurationPlatforms) = preSolution
		Debug|Any CPU = Debug|Any CPU
		Release|Any CPU = Release|Any CPU
	EndGlobalSection
	GlobalSection(ProjectConfigurationPlatforms) = postSolution
		{FFE182D9-0B67-4505-8D07-FA1E76DE36D4}.Debug|Any CPU.ActiveCfg = Debug|Any CPU
		{FFE182D9-0B67-4505-8D07-FA1E76DE36D4}.Debug|Any CPU.Build.0 = Debug|Any CPU
		{FFE182D9-0B67-4505-8D07-FA1E76DE36D4}.Release|Any CPU.ActiveCfg = Release|Any CPU
		{FFE182D9-0B67-4505-8D07-FA1E76DE36D4}.Release|Any CPU.Build.0 = Release|Any CPU
	EndGlobalSection
	GlobalSection(SolutionProperties) = preSolution
		HideSolutionNode = FALSE
	EndGlobalSection
	GlobalSection(ExtensibilityGlobals) = postSolution
		SolutionGuid = {90B0FA56-573E-4A07-AFE2-0814B4E4E67C}
	EndGlobalSection
EndGlobal
