
Microsoft Visual Studio Solution File, Format Version 12.00
# Visual Studio Version 17
VisualStudioVersion = 17.10.34916.146
MinimumVisualStudioVersion = 10.0.40219.1
Project("{FAE04EC0-301F-11D3-BF4B-00C04F79EFBC}") = "BTPS", "BTPS\BTPS.csproj", "{96BC8FEA-CF15-4641-AEF8-A1237B6284C7}"
EndProject
Global
	GlobalSection(SolutionConfigurationPlatforms) = preSolution
		Debug|Any CPU = Debug|Any CPU
		Release|Any CPU = Release|Any CPU
	EndGlobalSection
	GlobalSection(ProjectConfigurationPlatforms) = postSolution
		{96BC8FEA-CF15-4641-AEF8-A1237B6284C7}.Debug|Any CPU.ActiveCfg = Debug|Any CPU
		{96BC8FEA-CF15-4641-AEF8-A1237B6284C7}.Debug|Any CPU.Build.0 = Debug|Any CPU
		{96BC8FEA-CF15-4641-AEF8-A1237B6284C7}.Release|Any CPU.ActiveCfg = Release|Any CPU
		{96BC8FEA-CF15-4641-AEF8-A1237B6284C7}.Release|Any CPU.Build.0 = Release|Any CPU
	EndGlobalSection
	GlobalSection(SolutionProperties) = preSolution
		HideSolutionNode = FALSE
	EndGlobalSection
	GlobalSection(ExtensibilityGlobals) = postSolution
		SolutionGuid = {B3C46E2F-BC52-4B01-A19B-D50E79DD00AD}
	EndGlobalSection
EndGlobal
