
Microsoft Visual Studio Solution File, Format Version 12.00
# Visual Studio Version 17
VisualStudioVersion = 17.9.34902.65
MinimumVisualStudioVersion = 10.0.40219.1
Project("{FAE04EC0-301F-11D3-BF4B-00C04F79EFBC}") = "ConsoleApp8", "ConsoleApp8\ConsoleApp8.csproj", "{C43EF7BA-D6E2-4FBE-94C2-A78BD5F6037E}"
EndProject
Global
	GlobalSection(SolutionConfigurationPlatforms) = preSolution
		Debug|Any CPU = Debug|Any CPU
		Release|Any CPU = Release|Any CPU
	EndGlobalSection
	GlobalSection(ProjectConfigurationPlatforms) = postSolution
		{C43EF7BA-D6E2-4FBE-94C2-A78BD5F6037E}.Debug|Any CPU.ActiveCfg = Debug|Any CPU
		{C43EF7BA-D6E2-4FBE-94C2-A78BD5F6037E}.Debug|Any CPU.Build.0 = Debug|Any CPU
		{C43EF7BA-D6E2-4FBE-94C2-A78BD5F6037E}.Release|Any CPU.ActiveCfg = Release|Any CPU
		{C43EF7BA-D6E2-4FBE-94C2-A78BD5F6037E}.Release|Any CPU.Build.0 = Release|Any CPU
	EndGlobalSection
	GlobalSection(SolutionProperties) = preSolution
		HideSolutionNode = FALSE
	EndGlobalSection
	GlobalSection(ExtensibilityGlobals) = postSolution
		SolutionGuid = {15779FE7-EF18-48FD-BA30-83F66E4E2719}
	EndGlobalSection
EndGlobal
