
Microsoft Visual Studio Solution File, Format Version 12.00
# Visual Studio Version 17
VisualStudioVersion = 17.10.34916.146
MinimumVisualStudioVersion = 10.0.40219.1
Project("{FAE04EC0-301F-11D3-BF4B-00C04F79EFBC}") = "ConsoleApp10", "ConsoleApp10\ConsoleApp10.csproj", "{204419E5-3295-45FD-AFE3-AD9517FC79D6}"
EndProject
Global
	GlobalSection(SolutionConfigurationPlatforms) = preSolution
		Debug|Any CPU = Debug|Any CPU
		Release|Any CPU = Release|Any CPU
	EndGlobalSection
	GlobalSection(ProjectConfigurationPlatforms) = postSolution
		{204419E5-3295-45FD-AFE3-AD9517FC79D6}.Debug|Any CPU.ActiveCfg = Debug|Any CPU
		{204419E5-3295-45FD-AFE3-AD9517FC79D6}.Debug|Any CPU.Build.0 = Debug|Any CPU
		{204419E5-3295-45FD-AFE3-AD9517FC79D6}.Release|Any CPU.ActiveCfg = Release|Any CPU
		{204419E5-3295-45FD-AFE3-AD9517FC79D6}.Release|Any CPU.Build.0 = Release|Any CPU
	EndGlobalSection
	GlobalSection(SolutionProperties) = preSolution
		HideSolutionNode = FALSE
	EndGlobalSection
	GlobalSection(ExtensibilityGlobals) = postSolution
		SolutionGuid = {63508052-EEA6-4DA2-AB78-40E01BFBD4C4}
	EndGlobalSection
EndGlobal
