
Microsoft Visual Studio Solution File, Format Version 12.00
# Visual Studio Version 17
VisualStudioVersion = 17.9.34902.65
MinimumVisualStudioVersion = 10.0.40219.1
Project("{FAE04EC0-301F-11D3-BF4B-00C04F79EFBC}") = "ClassLibrary2", "ClassLibrary2\ClassLibrary2.csproj", "{13503845-A531-465B-AE22-08C1894F2184}"
EndProject
Global
	GlobalSection(SolutionConfigurationPlatforms) = preSolution
		Debug|Any CPU = Debug|Any CPU
		Release|Any CPU = Release|Any CPU
	EndGlobalSection
	GlobalSection(ProjectConfigurationPlatforms) = postSolution
		{13503845-A531-465B-AE22-08C1894F2184}.Debug|Any CPU.ActiveCfg = Debug|Any CPU
		{13503845-A531-465B-AE22-08C1894F2184}.Debug|Any CPU.Build.0 = Debug|Any CPU
		{13503845-A531-465B-AE22-08C1894F2184}.Release|Any CPU.ActiveCfg = Release|Any CPU
		{13503845-A531-465B-AE22-08C1894F2184}.Release|Any CPU.Build.0 = Release|Any CPU
	EndGlobalSection
	GlobalSection(SolutionProperties) = preSolution
		HideSolutionNode = FALSE
	EndGlobalSection
	GlobalSection(ExtensibilityGlobals) = postSolution
		SolutionGuid = {ABB5BB2A-23C0-4B01-8547-773296191562}
	EndGlobalSection
EndGlobal
