
Microsoft Visual Studio Solution File, Format Version 12.00
# Visual Studio Version 17
VisualStudioVersion = 17.10.34916.146
MinimumVisualStudioVersion = 10.0.40219.1
Project("{FAE04EC0-301F-11D3-BF4B-00C04F79EFBC}") = "WebApplication2", "WebApplication2\WebApplication2.csproj", "{07012297-B0E4-476D-BBE1-10D762C55CA4}"
EndProject
Global
	GlobalSection(SolutionConfigurationPlatforms) = preSolution
		Debug|Any CPU = Debug|Any CPU
		Release|Any CPU = Release|Any CPU
	EndGlobalSection
	GlobalSection(ProjectConfigurationPlatforms) = postSolution
		{07012297-B0E4-476D-BBE1-10D762C55CA4}.Debug|Any CPU.ActiveCfg = Debug|Any CPU
		{07012297-B0E4-476D-BBE1-10D762C55CA4}.Debug|Any CPU.Build.0 = Debug|Any CPU
		{07012297-B0E4-476D-BBE1-10D762C55CA4}.Release|Any CPU.ActiveCfg = Release|Any CPU
		{07012297-B0E4-476D-BBE1-10D762C55CA4}.Release|Any CPU.Build.0 = Release|Any CPU
	EndGlobalSection
	GlobalSection(SolutionProperties) = preSolution
		HideSolutionNode = FALSE
	EndGlobalSection
	GlobalSection(ExtensibilityGlobals) = postSolution
		SolutionGuid = {93222275-051A-44DA-8C51-1E7E8272920B}
	EndGlobalSection
EndGlobal
