
Microsoft Visual Studio Solution File, Format Version 12.00
# Visual Studio Version 17
VisualStudioVersion = 17.10.34916.146
MinimumVisualStudioVersion = 10.0.40219.1
Project("{FAE04EC0-301F-11D3-BF4B-00C04F79EFBC}") = "WebApplication7", "WebApplication7\WebApplication7.csproj", "{94B8EE60-5E0F-42C8-A5C7-AAD7B951C66E}"
EndProject
Global
	GlobalSection(SolutionConfigurationPlatforms) = preSolution
		Debug|Any CPU = Debug|Any CPU
		Release|Any CPU = Release|Any CPU
	EndGlobalSection
	GlobalSection(ProjectConfigurationPlatforms) = postSolution
		{94B8EE60-5E0F-42C8-A5C7-AAD7B951C66E}.Debug|Any CPU.ActiveCfg = Debug|Any CPU
		{94B8EE60-5E0F-42C8-A5C7-AAD7B951C66E}.Debug|Any CPU.Build.0 = Debug|Any CPU
		{94B8EE60-5E0F-42C8-A5C7-AAD7B951C66E}.Release|Any CPU.ActiveCfg = Release|Any CPU
		{94B8EE60-5E0F-42C8-A5C7-AAD7B951C66E}.Release|Any CPU.Build.0 = Release|Any CPU
	EndGlobalSection
	GlobalSection(SolutionProperties) = preSolution
		HideSolutionNode = FALSE
	EndGlobalSection
	GlobalSection(ExtensibilityGlobals) = postSolution
		SolutionGuid = {05C0937E-095A-42C0-94B7-101D85F2B428}
	EndGlobalSection
EndGlobal
