
Microsoft Visual Studio Solution File, Format Version 12.00
# Visual Studio Version 17
VisualStudioVersion = 17.11.35219.272
MinimumVisualStudioVersion = 10.0.40219.1
Project("{FAE04EC0-301F-11D3-BF4B-00C04F79EFBC}") = "MVC5", "MVC5\MVC5.csproj", "{C43ED6EB-5858-44B1-A5A4-C6C380A1BB50}"
EndProject
Global
	GlobalSection(SolutionConfigurationPlatforms) = preSolution
		Debug|Any CPU = Debug|Any CPU
		Release|Any CPU = Release|Any CPU
	EndGlobalSection
	GlobalSection(ProjectConfigurationPlatforms) = postSolution
		{C43ED6EB-5858-44B1-A5A4-C6C380A1BB50}.Debug|Any CPU.ActiveCfg = Debug|Any CPU
		{C43ED6EB-5858-44B1-A5A4-C6C380A1BB50}.Debug|Any CPU.Build.0 = Debug|Any CPU
		{C43ED6EB-5858-44B1-A5A4-C6C380A1BB50}.Release|Any CPU.ActiveCfg = Release|Any CPU
		{C43ED6EB-5858-44B1-A5A4-C6C380A1BB50}.Release|Any CPU.Build.0 = Release|Any CPU
	EndGlobalSection
	GlobalSection(SolutionProperties) = preSolution
		HideSolutionNode = FALSE
	EndGlobalSection
	GlobalSection(ExtensibilityGlobals) = postSolution
		SolutionGuid = {24A525B3-F0A4-4461-A399-B530A56D64FB}
	EndGlobalSection
EndGlobal
