
Microsoft Visual Studio Solution File, Format Version 12.00
# Visual Studio Version 17
VisualStudioVersion = 17.9.34902.65
MinimumVisualStudioVersion = 10.0.40219.1
Project("{FAE04EC0-301F-11D3-BF4B-00C04F79EFBC}") = "ConsoleApp5", "ConsoleApp5\ConsoleApp5.csproj", "{FC1B946B-1370-4FD5-964D-CD65FF7DE951}"
EndProject
Global
	GlobalSection(SolutionConfigurationPlatforms) = preSolution
		Debug|Any CPU = Debug|Any CPU
		Release|Any CPU = Release|Any CPU
	EndGlobalSection
	GlobalSection(ProjectConfigurationPlatforms) = postSolution
		{FC1B946B-1370-4FD5-964D-CD65FF7DE951}.Debug|Any CPU.ActiveCfg = Debug|Any CPU
		{FC1B946B-1370-4FD5-964D-CD65FF7DE951}.Debug|Any CPU.Build.0 = Debug|Any CPU
		{FC1B946B-1370-4FD5-964D-CD65FF7DE951}.Release|Any CPU.ActiveCfg = Release|Any CPU
		{FC1B946B-1370-4FD5-964D-CD65FF7DE951}.Release|Any CPU.Build.0 = Release|Any CPU
	EndGlobalSection
	GlobalSection(SolutionProperties) = preSolution
		HideSolutionNode = FALSE
	EndGlobalSection
	GlobalSection(ExtensibilityGlobals) = postSolution
		SolutionGuid = {467FED14-8FDA-49E9-AEEA-77CDDD231332}
	EndGlobalSection
EndGlobal
