
Microsoft Visual Studio Solution File, Format Version 12.00
# Visual Studio Version 17
VisualStudioVersion = 17.11.35219.272
MinimumVisualStudioVersion = 10.0.40219.1
Project("{FAE04EC0-301F-11D3-BF4B-00C04F79EFBC}") = "MVC1", "MVC1\MVC1.csproj", "{4D3D69F0-86B4-4EFE-81AA-D9986ADBDA57}"
EndProject
Global
	GlobalSection(SolutionConfigurationPlatforms) = preSolution
		Debug|Any CPU = Debug|Any CPU
		Release|Any CPU = Release|Any CPU
	EndGlobalSection
	GlobalSection(ProjectConfigurationPlatforms) = postSolution
		{4D3D69F0-86B4-4EFE-81AA-D9986ADBDA57}.Debug|Any CPU.ActiveCfg = Debug|Any CPU
		{4D3D69F0-86B4-4EFE-81AA-D9986ADBDA57}.Debug|Any CPU.Build.0 = Debug|Any CPU
		{4D3D69F0-86B4-4EFE-81AA-D9986ADBDA57}.Release|Any CPU.ActiveCfg = Release|Any CPU
		{4D3D69F0-86B4-4EFE-81AA-D9986ADBDA57}.Release|Any CPU.Build.0 = Release|Any CPU
	EndGlobalSection
	GlobalSection(SolutionProperties) = preSolution
		HideSolutionNode = FALSE
	EndGlobalSection
	GlobalSection(ExtensibilityGlobals) = postSolution
		SolutionGuid = {C199F3BF-5F8C-44B3-A2B8-55EAD35B899C}
	EndGlobalSection
EndGlobal
