
Microsoft Visual Studio Solution File, Format Version 12.00
# Visual Studio Version 17
VisualStudioVersion = 17.11.35219.272
MinimumVisualStudioVersion = 10.0.40219.1
Project("{FAE04EC0-301F-11D3-BF4B-00C04F79EFBC}") = "gridview1", "gridview1\gridview1.csproj", "{09CB4B56-1C9F-481C-AB4A-95BE1960D9D9}"
EndProject
Global
	GlobalSection(SolutionConfigurationPlatforms) = preSolution
		Debug|Any CPU = Debug|Any CPU
		Release|Any CPU = Release|Any CPU
	EndGlobalSection
	GlobalSection(ProjectConfigurationPlatforms) = postSolution
		{09CB4B56-1C9F-481C-AB4A-95BE1960D9D9}.Debug|Any CPU.ActiveCfg = Debug|Any CPU
		{09CB4B56-1C9F-481C-AB4A-95BE1960D9D9}.Debug|Any CPU.Build.0 = Debug|Any CPU
		{09CB4B56-1C9F-481C-AB4A-95BE1960D9D9}.Release|Any CPU.ActiveCfg = Release|Any CPU
		{09CB4B56-1C9F-481C-AB4A-95BE1960D9D9}.Release|Any CPU.Build.0 = Release|Any CPU
	EndGlobalSection
	GlobalSection(SolutionProperties) = preSolution
		HideSolutionNode = FALSE
	EndGlobalSection
	GlobalSection(ExtensibilityGlobals) = postSolution
		SolutionGuid = {94474274-5939-4F70-8492-FCF18BB483BA}
	EndGlobalSection
EndGlobal
